
Microsoft Visual Studio Solution File, Format Version 12.00
# Visual Studio Version 17
VisualStudioVersion = 17.8.34511.84
MinimumVisualStudioVersion = 10.0.40219.1
Project("{FAE04EC0-301F-11D3-BF4B-00C04F79EFBC}") = "ConsoleAppHw2102ex1", "ConsoleAppHw2102ex1.csproj", "{A91B33EC-6C99-4E79-B60C-178403E8DEF5}"
EndProject
Global
	GlobalSection(SolutionConfigurationPlatforms) = preSolution
		Debug|Any CPU = Debug|Any CPU
		Release|Any CPU = Release|Any CPU
	EndGlobalSection
	GlobalSection(ProjectConfigurationPlatforms) = postSolution
		{A91B33EC-6C99-4E79-B60C-178403E8DEF5}.Debug|Any CPU.ActiveCfg = Debug|Any CPU
		{A91B33EC-6C99-4E79-B60C-178403E8DEF5}.Debug|Any CPU.Build.0 = Debug|Any CPU
		{A91B33EC-6C99-4E79-B60C-178403E8DEF5}.Release|Any CPU.ActiveCfg = Release|Any CPU
		{A91B33EC-6C99-4E79-B60C-178403E8DEF5}.Release|Any CPU.Build.0 = Release|Any CPU
	EndGlobalSection
	GlobalSection(SolutionProperties) = preSolution
		HideSolutionNode = FALSE
	EndGlobalSection
	GlobalSection(ExtensibilityGlobals) = postSolution
		SolutionGuid = {09568EE4-D96F-4D1F-A2A9-AA2A1122E53C}
	EndGlobalSection
EndGlobal
